
Microsoft Visual Studio Solution File, Format Version 12.00
# Visual Studio Version 16
VisualStudioVersion = 16.0.30621.155
MinimumVisualStudioVersion = 15.0.26124.0
Project("{9A19103F-16F7-4668-BE54-9A1E7A4F7556}") = "API", "API\API.csproj", "{9EAC2845-6310-4FBD-809A-496E550A520C}"
EndProject
Project("{9A19103F-16F7-4668-BE54-9A1E7A4F7556}") = "WPF", "WPF\WPF.csproj", "{F638DE0C-50F3-40FF-BADC-EE774E509F22}"
EndProject
Project("{9A19103F-16F7-4668-BE54-9A1E7A4F7556}") = "API.Tests", "API.Tests\API.Tests.csproj", "{A45DCDAA-063F-4ADB-8132-6879C28BBC9A}"
EndProject
Project("{9A19103F-16F7-4668-BE54-9A1E7A4F7556}") = "WPF.Tests", "WPF.Tests\WPF.Tests.csproj", "{B0128F96-E00B-4E5C-BF03-A7E4E072C8C9}"
EndProject
Global
	GlobalSection(SolutionConfigurationPlatforms) = preSolution
		Debug|Any CPU = Debug|Any CPU
		Debug|x64 = Debug|x64
		Debug|x86 = Debug|x86
		Release|Any CPU = Release|Any CPU
		Release|x64 = Release|x64
		Release|x86 = Release|x86
	EndGlobalSection
	GlobalSection(ProjectConfigurationPlatforms) = postSolution
		{9EAC2845-6310-4FBD-809A-496E550A520C}.Debug|Any CPU.ActiveCfg = Debug|Any CPU
		{9EAC2845-6310-4FBD-809A-496E550A520C}.Debug|Any CPU.Build.0 = Debug|Any CPU
		{9EAC2845-6310-4FBD-809A-496E550A520C}.Debug|x64.ActiveCfg = Debug|Any CPU
		{9EAC2845-6310-4FBD-809A-496E550A520C}.Debug|x64.Build.0 = Debug|Any CPU
		{9EAC2845-6310-4FBD-809A-496E550A520C}.Debug|x86.ActiveCfg = Debug|Any CPU
		{9EAC2845-6310-4FBD-809A-496E550A520C}.Debug|x86.Build.0 = Debug|Any CPU
		{9EAC2845-6310-4FBD-809A-496E550A520C}.Release|Any CPU.ActiveCfg = Release|Any CPU
		{9EAC2845-6310-4FBD-809A-496E550A520C}.Release|Any CPU.Build.0 = Release|Any CPU
		{9EAC2845-6310-4FBD-809A-496E550A520C}.Release|x64.ActiveCfg = Release|Any CPU
		{9EAC2845-6310-4FBD-809A-496E550A520C}.Release|x64.Build.0 = Release|Any CPU
		{9EAC2845-6310-4FBD-809A-496E550A520C}.Release|x86.ActiveCfg = Release|Any CPU
		{9EAC2845-6310-4FBD-809A-496E550A520C}.Release|x86.Build.0 = Release|Any CPU
		{F638DE0C-50F3-40FF-BADC-EE774E509F22}.Debug|Any CPU.ActiveCfg = Debug|Any CPU
		{F638DE0C-50F3-40FF-BADC-EE774E509F22}.Debug|Any CPU.Build.0 = Debug|Any CPU
		{F638DE0C-50F3-40FF-BADC-EE774E509F22}.Debug|x64.ActiveCfg = Debug|Any CPU
		{F638DE0C-50F3-40FF-BADC-EE774E509F22}.Debug|x64.Build.0 = Debug|Any CPU
		{F638DE0C-50F3-40FF-BADC-EE774E509F22}.Debug|x86.ActiveCfg = Debug|Any CPU
		{F638DE0C-50F3-40FF-BADC-EE774E509F22}.Debug|x86.Build.0 = Debug|Any CPU
		{F638DE0C-50F3-40FF-BADC-EE774E509F22}.Release|Any CPU.ActiveCfg = Release|Any CPU
		{F638DE0C-50F3-40FF-BADC-EE774E509F22}.Release|Any CPU.Build.0 = Release|Any CPU
		{F638DE0C-50F3-40FF-BADC-EE774E509F22}.Release|x64.ActiveCfg = Release|Any CPU
		{F638DE0C-50F3-40FF-BADC-EE774E509F22}.Release|x64.Build.0 = Release|Any CPU
		{F638DE0C-50F3-40FF-BADC-EE774E509F22}.Release|x86.ActiveCfg = Release|Any CPU
		{F638DE0C-50F3-40FF-BADC-EE774E509F22}.Release|x86.Build.0 = Release|Any CPU
		{A45DCDAA-063F-4ADB-8132-6879C28BBC9A}.Debug|Any CPU.ActiveCfg = Debug|Any CPU
		{A45DCDAA-063F-4ADB-8132-6879C28BBC9A}.Debug|Any CPU.Build.0 = Debug|Any CPU
		{A45DCDAA-063F-4ADB-8132-6879C28BBC9A}.Debug|x64.ActiveCfg = Debug|Any CPU
		{A45DCDAA-063F-4ADB-8132-6879C28BBC9A}.Debug|x64.Build.0 = Debug|Any CPU
		{A45DCDAA-063F-4ADB-8132-6879C28BBC9A}.Debug|x86.ActiveCfg = Debug|Any CPU
		{A45DCDAA-063F-4ADB-8132-6879C28BBC9A}.Debug|x86.Build.0 = Debug|Any CPU
		{A45DCDAA-063F-4ADB-8132-6879C28BBC9A}.Release|Any CPU.ActiveCfg = Release|Any CPU
		{A45DCDAA-063F-4ADB-8132-6879C28BBC9A}.Release|Any CPU.Build.0 = Release|Any CPU
		{A45DCDAA-063F-4ADB-8132-6879C28BBC9A}.Release|x64.ActiveCfg = Release|Any CPU
		{A45DCDAA-063F-4ADB-8132-6879C28BBC9A}.Release|x64.Build.0 = Release|Any CPU
		{A45DCDAA-063F-4ADB-8132-6879C28BBC9A}.Release|x86.ActiveCfg = Release|Any CPU
		{A45DCDAA-063F-4ADB-8132-6879C28BBC9A}.Release|x86.Build.0 = Release|Any CPU
		{B0128F96-E00B-4E5C-BF03-A7E4E072C8C9}.Debug|Any CPU.ActiveCfg = Debug|Any CPU
		{B0128F96-E00B-4E5C-BF03-A7E4E072C8C9}.Debug|Any CPU.Build.0 = Debug|Any CPU
		{B0128F96-E00B-4E5C-BF03-A7E4E072C8C9}.Debug|x64.ActiveCfg = Debug|Any CPU
		{B0128F96-E00B-4E5C-BF03-A7E4E072C8C9}.Debug|x64.Build.0 = Debug|Any CPU
		{B0128F96-E00B-4E5C-BF03-A7E4E072C8C9}.Debug|x86.ActiveCfg = Debug|Any CPU
		{B0128F96-E00B-4E5C-BF03-A7E4E072C8C9}.Debug|x86.Build.0 = Debug|Any CPU
		{B0128F96-E00B-4E5C-BF03-A7E4E072C8C9}.Release|Any CPU.ActiveCfg = Release|Any CPU
		{B0128F96-E00B-4E5C-BF03-A7E4E072C8C9}.Release|Any CPU.Build.0 = Release|Any CPU
		{B0128F96-E00B-4E5C-BF03-A7E4E072C8C9}.Release|x64.ActiveCfg = Release|Any CPU
		{B0128F96-E00B-4E5C-BF03-A7E4E072C8C9}.Release|x64.Build.0 = Release|Any CPU
		{B0128F96-E00B-4E5C-BF03-A7E4E072C8C9}.Release|x86.ActiveCfg = Release|Any CPU
		{B0128F96-E00B-4E5C-BF03-A7E4E072C8C9}.Release|x86.Build.0 = Release|Any CPU
	EndGlobalSection
	GlobalSection(SolutionProperties) = preSolution
		HideSolutionNode = FALSE
	EndGlobalSection
	GlobalSection(ExtensibilityGlobals) = postSolution
		SolutionGuid = {9F1570E8-7062-4BD4-979E-0F9606A9BA98}
	EndGlobalSection
EndGlobal
