{
  "requires": true,
  "lockfileVersion": 1,
  "dependencies": {
    "react-bootstrap-range-slider": {
      "version": "2.0.2",
      "resolved": "https://registry.npmjs.org/react-bootstrap-range-slider/-/react-bootstrap-range-slider-2.0.2.tgz",
      "integrity": "sha512-GptOpQjarlf6H2OfGsAqS1jOFFw8lsfQVLCWD6tgILspr2qZxzoiyUGLPDNfFFLy/ALhzGxlnVUrYjOe34UkhA==",
      "requires": {
        "classnames": "^2.2.6",
        "prop-types": "^15.7.2"
      },
      "dependencies": {
        "classnames": {
          "version": "2.2.6",
          "resolved": "https://registry.npmjs.org/classnames/-/classnames-2.2.6.tgz",
          "integrity": "sha512-JR/iSQOSt+LQIWwrwEzJ9uk0xfN3mTVYMwt1Ir5mUcSN6pU+V4zQFFaJsclJbPuAUQH+yfWef6tm7l1quW3C8Q=="
        },
        "js-tokens": {
          "version": "4.0.0",
          "resolved": "https://registry.npmjs.org/js-tokens/-/js-tokens-4.0.0.tgz",
          "integrity": "sha512-RdJUflcE3cUzKiMqQgsCu06FPu9UdIJO0beYbPhHN4k6apgJtifcoCtT9bcxOpYBtpD2kCM6Sbzg4CausW/PKQ=="
        },
        "loose-envify": {
          "version": "1.4.0",
          "resolved": "https://registry.npmjs.org/loose-envify/-/loose-envify-1.4.0.tgz",
          "integrity": "sha512-lyuxPGr/Wfhrlem2CL/UcnUc1zcqKAImBDzukY7Y5F/yQiNdko6+fRLevlw1HgMySw7f611UIY408EtxRSoK3Q==",
          "requires": {
            "js-tokens": "^3.0.0 || ^4.0.0"
          }
        },
        "object-assign": {
          "version": "4.1.1",
          "resolved": "https://registry.npmjs.org/object-assign/-/object-assign-4.1.1.tgz",
          "integrity": "sha1-IQmtx5ZYh8/AXLvUQsrIv7s2CGM="
        },
        "prop-types": {
          "version": "15.7.2",
          "resolved": "https://registry.npmjs.org/prop-types/-/prop-types-15.7.2.tgz",
          "integrity": "sha512-8QQikdH7//R2vurIJSutZ1smHYTcLpRWEOlHnzcWHmBYrOGUysKwSsrC89BCiFj3CbrfJ/nXFdJepOVrY1GCHQ==",
          "requires": {
            "loose-envify": "^1.4.0",
            "object-assign": "^4.1.1",
            "react-is": "^16.8.1"
          }
        },
        "react-is": {
          "version": "16.13.1",
          "resolved": "https://registry.npmjs.org/react-is/-/react-is-16.13.1.tgz",
          "integrity": "sha512-24e6ynE2H+OKt4kqsOvNd8kBpV65zoxbA4BVsEOB3ARVWQki/DHzaUoC5KuON/BiccDaCCTZBuOcfZs70kR8bQ=="
        }
      }
    },
    "react-confirm-alert": {
      "version": "2.6.2",
      "resolved": "https://registry.npmjs.org/react-confirm-alert/-/react-confirm-alert-2.6.2.tgz",
      "integrity": "sha512-lvlk+Sic7p3wbOcsetkCHVXA3LJCDViqjO8sV7FtCfJwjw36ZKCJv2FiaxUCiw3g8PXvmpjEtvAvLqPKb8yh/A=="
    },
    "react-edit-button": {
      "version": "1.0.2",
      "resolved": "https://registry.npmjs.org/react-edit-button/-/react-edit-button-1.0.2.tgz",
      "integrity": "sha512-Rx9XloJMBVW7mSxd+Tex/hyJA4guEmlzLAidYN2pCTPEiBJbyfAt49X2WGkuCrBOw9d5iOfb9ckpLAVgUiDb3A=="
    },
    "react-editext": {
      "version": "3.17.1",
      "resolved": "https://registry.npmjs.org/react-editext/-/react-editext-3.17.1.tgz",
      "integrity": "sha512-PO3BUG9pTed43iC6j74rhDGCM+H3cl6HDshjYBVx6d+GP7uDy4VDXTlooQHdEuH8LfK9p6DA056K3oxYtDr2vg=="
    }
  }
}
