{
  "requires": true,
  "lockfileVersion": 1,
  "dependencies": {
    "react-confirm-alert": {
      "version": "2.6.2",
      "resolved": "https://registry.npmjs.org/react-confirm-alert/-/react-confirm-alert-2.6.2.tgz",
      "integrity": "sha512-lvlk+Sic7p3wbOcsetkCHVXA3LJCDViqjO8sV7FtCfJwjw36ZKCJv2FiaxUCiw3g8PXvmpjEtvAvLqPKb8yh/A=="
    },
    "react-edit-button": {
      "version": "1.0.2",
      "resolved": "https://registry.npmjs.org/react-edit-button/-/react-edit-button-1.0.2.tgz",
      "integrity": "sha512-Rx9XloJMBVW7mSxd+Tex/hyJA4guEmlzLAidYN2pCTPEiBJbyfAt49X2WGkuCrBOw9d5iOfb9ckpLAVgUiDb3A=="
    },
    "react-editext": {
      "version": "3.17.1",
      "resolved": "https://registry.npmjs.org/react-editext/-/react-editext-3.17.1.tgz",
      "integrity": "sha512-PO3BUG9pTed43iC6j74rhDGCM+H3cl6HDshjYBVx6d+GP7uDy4VDXTlooQHdEuH8LfK9p6DA056K3oxYtDr2vg=="
    }
  }
}
